
Microsoft Visual Studio Solution File, Format Version 12.00
# Visual Studio Version 17
VisualStudioVersion = 17.8.34408.163
MinimumVisualStudioVersion = 10.0.40219.1
Project("{8BC9CEB8-8B4A-11D0-8D11-00A0C91BC942}") = "alagia-client", "alagia-client\alagia-client.vcxproj", "{9DD4A040-24F0-4829-93E3-85BD7430F6B2}"
EndProject
Project("{8BC9CEB8-8B4A-11D0-8D11-00A0C91BC942}") = "alagia-server", "alagia-server\alagia-server.vcxproj", "{29B8776B-0CF5-457B-B76D-C7F3ABED8295}"
EndProject
Global
	GlobalSection(SolutionConfigurationPlatforms) = preSolution
		Debug|x64 = Debug|x64
		Debug|x86 = Debug|x86
		Release|x64 = Release|x64
		Release|x86 = Release|x86
	EndGlobalSection
	GlobalSection(ProjectConfigurationPlatforms) = postSolution
		{9DD4A040-24F0-4829-93E3-85BD7430F6B2}.Debug|x64.ActiveCfg = Debug|x64
		{9DD4A040-24F0-4829-93E3-85BD7430F6B2}.Debug|x64.Build.0 = Debug|x64
		{9DD4A040-24F0-4829-93E3-85BD7430F6B2}.Debug|x86.ActiveCfg = Debug|Win32
		{9DD4A040-24F0-4829-93E3-85BD7430F6B2}.Debug|x86.Build.0 = Debug|Win32
		{9DD4A040-24F0-4829-93E3-85BD7430F6B2}.Release|x64.ActiveCfg = Release|x64
		{9DD4A040-24F0-4829-93E3-85BD7430F6B2}.Release|x64.Build.0 = Release|x64
		{9DD4A040-24F0-4829-93E3-85BD7430F6B2}.Release|x86.ActiveCfg = Release|Win32
		{9DD4A040-24F0-4829-93E3-85BD7430F6B2}.Release|x86.Build.0 = Release|Win32
		{29B8776B-0CF5-457B-B76D-C7F3ABED8295}.Debug|x64.ActiveCfg = Debug|x64
		{29B8776B-0CF5-457B-B76D-C7F3ABED8295}.Debug|x64.Build.0 = Debug|x64
		{29B8776B-0CF5-457B-B76D-C7F3ABED8295}.Debug|x86.ActiveCfg = Debug|Win32
		{29B8776B-0CF5-457B-B76D-C7F3ABED8295}.Debug|x86.Build.0 = Debug|Win32
		{29B8776B-0CF5-457B-B76D-C7F3ABED8295}.Release|x64.ActiveCfg = Release|x64
		{29B8776B-0CF5-457B-B76D-C7F3ABED8295}.Release|x64.Build.0 = Release|x64
		{29B8776B-0CF5-457B-B76D-C7F3ABED8295}.Release|x86.ActiveCfg = Release|Win32
		{29B8776B-0CF5-457B-B76D-C7F3ABED8295}.Release|x86.Build.0 = Release|Win32
	EndGlobalSection
	GlobalSection(SolutionProperties) = preSolution
		HideSolutionNode = FALSE
	EndGlobalSection
	GlobalSection(ExtensibilityGlobals) = postSolution
		SolutionGuid = {42E00DEA-3A6F-4223-82A4-74268D99E5CC}
	EndGlobalSection
EndGlobal
